
Microsoft Visual Studio Solution File, Format Version 12.00
# Visual Studio 15
VisualStudioVersion = 15.0.27004.2006
MinimumVisualStudioVersion = 10.0.40219.1
Project("{FAE04EC0-301F-11D3-BF4B-00C04F79EFBC}") = "AutoUpload.Windows", "AutoUpload.Windows\AutoUpload.Windows.csproj", "{BEC6A7B9-E3A5-4E8A-B244-2E4B4EE41B2D}"
EndProject
Project("{FAE04EC0-301F-11D3-BF4B-00C04F79EFBC}") = "AutoUpload.Updater.Windows", "AutoUpload.Updater.Windows\AutoUpload.Updater.Windows.csproj", "{E75E4802-05C2-4814-8825-ADC55155FDDD}"
EndProject
Project("{FAE04EC0-301F-11D3-BF4B-00C04F79EFBC}") = "AutoUpload.Manager", "AutoUpload.Manager\AutoUpload.Manager.csproj", "{EA40911F-0D38-4F54-85EB-A5CC628BF8B6}"
EndProject
Project("{FAE04EC0-301F-11D3-BF4B-00C04F79EFBC}") = "AutoUpload.Photoshop", "AutoUpload.Photoshop\AutoUpload.Photoshop.csproj", "{D22DFB49-7CA1-4BF2-919F-BBF311F5A2D9}"
EndProject
Project("{9A19103F-16F7-4668-BE54-9A1E7A4F7556}") = "AutoUpload.WebService", "AutoUpload.WebService\AutoUpload.WebService.csproj", "{7B1DAF11-0D7D-4B23-A48B-F03D4551C647}"
EndProject
Project("{FAE04EC0-301F-11D3-BF4B-00C04F79EFBC}") = "ObjLoader.Loader", "ObjLoader.Loader\ObjLoader.Loader.csproj", "{2EFEF3F6-CAAF-49A3-9AAA-FB7C5B8AFADF}"
EndProject
Project("{9A19103F-16F7-4668-BE54-9A1E7A4F7556}") = "AutoUpload.Shared", "AutoUpload.Shared\AutoUpload.Shared.csproj", "{CFF35BC2-4CE6-4A2A-80A3-6DBFA0A13763}"
EndProject
Global
	GlobalSection(SolutionConfigurationPlatforms) = preSolution
		Ad-Hoc|Any CPU = Ad-Hoc|Any CPU
		Ad-Hoc|ARM = Ad-Hoc|ARM
		Ad-Hoc|iPhone = Ad-Hoc|iPhone
		Ad-Hoc|iPhoneSimulator = Ad-Hoc|iPhoneSimulator
		Ad-Hoc|x64 = Ad-Hoc|x64
		Ad-Hoc|x86 = Ad-Hoc|x86
		AppStore|Any CPU = AppStore|Any CPU
		AppStore|ARM = AppStore|ARM
		AppStore|iPhone = AppStore|iPhone
		AppStore|iPhoneSimulator = AppStore|iPhoneSimulator
		AppStore|x64 = AppStore|x64
		AppStore|x86 = AppStore|x86
		Debug|Any CPU = Debug|Any CPU
		Debug|ARM = Debug|ARM
		Debug|iPhone = Debug|iPhone
		Debug|iPhoneSimulator = Debug|iPhoneSimulator
		Debug|x64 = Debug|x64
		Debug|x86 = Debug|x86
		Release|Any CPU = Release|Any CPU
		Release|ARM = Release|ARM
		Release|iPhone = Release|iPhone
		Release|iPhoneSimulator = Release|iPhoneSimulator
		Release|x64 = Release|x64
		Release|x86 = Release|x86
	EndGlobalSection
	GlobalSection(ProjectConfigurationPlatforms) = postSolution
		{BEC6A7B9-E3A5-4E8A-B244-2E4B4EE41B2D}.Ad-Hoc|Any CPU.ActiveCfg = Release|Any CPU
		{BEC6A7B9-E3A5-4E8A-B244-2E4B4EE41B2D}.Ad-Hoc|Any CPU.Build.0 = Release|Any CPU
		{BEC6A7B9-E3A5-4E8A-B244-2E4B4EE41B2D}.Ad-Hoc|ARM.ActiveCfg = Release|Any CPU
		{BEC6A7B9-E3A5-4E8A-B244-2E4B4EE41B2D}.Ad-Hoc|ARM.Build.0 = Release|Any CPU
		{BEC6A7B9-E3A5-4E8A-B244-2E4B4EE41B2D}.Ad-Hoc|iPhone.ActiveCfg = Release|Any CPU
		{BEC6A7B9-E3A5-4E8A-B244-2E4B4EE41B2D}.Ad-Hoc|iPhone.Build.0 = Release|Any CPU
		{BEC6A7B9-E3A5-4E8A-B244-2E4B4EE41B2D}.Ad-Hoc|iPhoneSimulator.ActiveCfg = Release|Any CPU
		{BEC6A7B9-E3A5-4E8A-B244-2E4B4EE41B2D}.Ad-Hoc|iPhoneSimulator.Build.0 = Release|Any CPU
		{BEC6A7B9-E3A5-4E8A-B244-2E4B4EE41B2D}.Ad-Hoc|x64.ActiveCfg = Release|Any CPU
		{BEC6A7B9-E3A5-4E8A-B244-2E4B4EE41B2D}.Ad-Hoc|x64.Build.0 = Release|Any CPU
		{BEC6A7B9-E3A5-4E8A-B244-2E4B4EE41B2D}.Ad-Hoc|x86.ActiveCfg = Release|Any CPU
		{BEC6A7B9-E3A5-4E8A-B244-2E4B4EE41B2D}.Ad-Hoc|x86.Build.0 = Release|Any CPU
		{BEC6A7B9-E3A5-4E8A-B244-2E4B4EE41B2D}.AppStore|Any CPU.ActiveCfg = Release|Any CPU
		{BEC6A7B9-E3A5-4E8A-B244-2E4B4EE41B2D}.AppStore|Any CPU.Build.0 = Release|Any CPU
		{BEC6A7B9-E3A5-4E8A-B244-2E4B4EE41B2D}.AppStore|ARM.ActiveCfg = Release|Any CPU
		{BEC6A7B9-E3A5-4E8A-B244-2E4B4EE41B2D}.AppStore|ARM.Build.0 = Release|Any CPU
		{BEC6A7B9-E3A5-4E8A-B244-2E4B4EE41B2D}.AppStore|iPhone.ActiveCfg = Release|Any CPU
		{BEC6A7B9-E3A5-4E8A-B244-2E4B4EE41B2D}.AppStore|iPhone.Build.0 = Release|Any CPU
		{BEC6A7B9-E3A5-4E8A-B244-2E4B4EE41B2D}.AppStore|iPhoneSimulator.ActiveCfg = Release|Any CPU
		{BEC6A7B9-E3A5-4E8A-B244-2E4B4EE41B2D}.AppStore|iPhoneSimulator.Build.0 = Release|Any CPU
		{BEC6A7B9-E3A5-4E8A-B244-2E4B4EE41B2D}.AppStore|x64.ActiveCfg = Release|Any CPU
		{BEC6A7B9-E3A5-4E8A-B244-2E4B4EE41B2D}.AppStore|x64.Build.0 = Release|Any CPU
		{BEC6A7B9-E3A5-4E8A-B244-2E4B4EE41B2D}.AppStore|x86.ActiveCfg = Release|Any CPU
		{BEC6A7B9-E3A5-4E8A-B244-2E4B4EE41B2D}.AppStore|x86.Build.0 = Release|Any CPU
		{BEC6A7B9-E3A5-4E8A-B244-2E4B4EE41B2D}.Debug|Any CPU.ActiveCfg = Debug|Any CPU
		{BEC6A7B9-E3A5-4E8A-B244-2E4B4EE41B2D}.Debug|Any CPU.Build.0 = Debug|Any CPU
		{BEC6A7B9-E3A5-4E8A-B244-2E4B4EE41B2D}.Debug|ARM.ActiveCfg = Debug|Any CPU
		{BEC6A7B9-E3A5-4E8A-B244-2E4B4EE41B2D}.Debug|ARM.Build.0 = Debug|Any CPU
		{BEC6A7B9-E3A5-4E8A-B244-2E4B4EE41B2D}.Debug|iPhone.ActiveCfg = Debug|Any CPU
		{BEC6A7B9-E3A5-4E8A-B244-2E4B4EE41B2D}.Debug|iPhone.Build.0 = Debug|Any CPU
		{BEC6A7B9-E3A5-4E8A-B244-2E4B4EE41B2D}.Debug|iPhoneSimulator.ActiveCfg = Debug|Any CPU
		{BEC6A7B9-E3A5-4E8A-B244-2E4B4EE41B2D}.Debug|iPhoneSimulator.Build.0 = Debug|Any CPU
		{BEC6A7B9-E3A5-4E8A-B244-2E4B4EE41B2D}.Debug|x64.ActiveCfg = Debug|Any CPU
		{BEC6A7B9-E3A5-4E8A-B244-2E4B4EE41B2D}.Debug|x64.Build.0 = Debug|Any CPU
		{BEC6A7B9-E3A5-4E8A-B244-2E4B4EE41B2D}.Debug|x86.ActiveCfg = Debug|Any CPU
		{BEC6A7B9-E3A5-4E8A-B244-2E4B4EE41B2D}.Debug|x86.Build.0 = Debug|Any CPU
		{BEC6A7B9-E3A5-4E8A-B244-2E4B4EE41B2D}.Release|Any CPU.ActiveCfg = Release|Any CPU
		{BEC6A7B9-E3A5-4E8A-B244-2E4B4EE41B2D}.Release|Any CPU.Build.0 = Release|Any CPU
		{BEC6A7B9-E3A5-4E8A-B244-2E4B4EE41B2D}.Release|ARM.ActiveCfg = Release|Any CPU
		{BEC6A7B9-E3A5-4E8A-B244-2E4B4EE41B2D}.Release|ARM.Build.0 = Release|Any CPU
		{BEC6A7B9-E3A5-4E8A-B244-2E4B4EE41B2D}.Release|iPhone.ActiveCfg = Release|Any CPU
		{BEC6A7B9-E3A5-4E8A-B244-2E4B4EE41B2D}.Release|iPhone.Build.0 = Release|Any CPU
		{BEC6A7B9-E3A5-4E8A-B244-2E4B4EE41B2D}.Release|iPhoneSimulator.ActiveCfg = Release|Any CPU
		{BEC6A7B9-E3A5-4E8A-B244-2E4B4EE41B2D}.Release|iPhoneSimulator.Build.0 = Release|Any CPU
		{BEC6A7B9-E3A5-4E8A-B244-2E4B4EE41B2D}.Release|x64.ActiveCfg = Release|Any CPU
		{BEC6A7B9-E3A5-4E8A-B244-2E4B4EE41B2D}.Release|x64.Build.0 = Release|Any CPU
		{BEC6A7B9-E3A5-4E8A-B244-2E4B4EE41B2D}.Release|x86.ActiveCfg = Release|Any CPU
		{BEC6A7B9-E3A5-4E8A-B244-2E4B4EE41B2D}.Release|x86.Build.0 = Release|Any CPU
		{E75E4802-05C2-4814-8825-ADC55155FDDD}.Ad-Hoc|Any CPU.ActiveCfg = Release|Any CPU
		{E75E4802-05C2-4814-8825-ADC55155FDDD}.Ad-Hoc|Any CPU.Build.0 = Release|Any CPU
		{E75E4802-05C2-4814-8825-ADC55155FDDD}.Ad-Hoc|ARM.ActiveCfg = Release|Any CPU
		{E75E4802-05C2-4814-8825-ADC55155FDDD}.Ad-Hoc|ARM.Build.0 = Release|Any CPU
		{E75E4802-05C2-4814-8825-ADC55155FDDD}.Ad-Hoc|iPhone.ActiveCfg = Release|Any CPU
		{E75E4802-05C2-4814-8825-ADC55155FDDD}.Ad-Hoc|iPhone.Build.0 = Release|Any CPU
		{E75E4802-05C2-4814-8825-ADC55155FDDD}.Ad-Hoc|iPhoneSimulator.ActiveCfg = Release|Any CPU
		{E75E4802-05C2-4814-8825-ADC55155FDDD}.Ad-Hoc|iPhoneSimulator.Build.0 = Release|Any CPU
		{E75E4802-05C2-4814-8825-ADC55155FDDD}.Ad-Hoc|x64.ActiveCfg = Release|Any CPU
		{E75E4802-05C2-4814-8825-ADC55155FDDD}.Ad-Hoc|x64.Build.0 = Release|Any CPU
		{E75E4802-05C2-4814-8825-ADC55155FDDD}.Ad-Hoc|x86.ActiveCfg = Release|Any CPU
		{E75E4802-05C2-4814-8825-ADC55155FDDD}.Ad-Hoc|x86.Build.0 = Release|Any CPU
		{E75E4802-05C2-4814-8825-ADC55155FDDD}.AppStore|Any CPU.ActiveCfg = Release|Any CPU
		{E75E4802-05C2-4814-8825-ADC55155FDDD}.AppStore|Any CPU.Build.0 = Release|Any CPU
		{E75E4802-05C2-4814-8825-ADC55155FDDD}.AppStore|ARM.ActiveCfg = Release|Any CPU
		{E75E4802-05C2-4814-8825-ADC55155FDDD}.AppStore|ARM.Build.0 = Release|Any CPU
		{E75E4802-05C2-4814-8825-ADC55155FDDD}.AppStore|iPhone.ActiveCfg = Release|Any CPU
		{E75E4802-05C2-4814-8825-ADC55155FDDD}.AppStore|iPhone.Build.0 = Release|Any CPU
		{E75E4802-05C2-4814-8825-ADC55155FDDD}.AppStore|iPhoneSimulator.ActiveCfg = Release|Any CPU
		{E75E4802-05C2-4814-8825-ADC55155FDDD}.AppStore|iPhoneSimulator.Build.0 = Release|Any CPU
		{E75E4802-05C2-4814-8825-ADC55155FDDD}.AppStore|x64.ActiveCfg = Release|Any CPU
		{E75E4802-05C2-4814-8825-ADC55155FDDD}.AppStore|x64.Build.0 = Release|Any CPU
		{E75E4802-05C2-4814-8825-ADC55155FDDD}.AppStore|x86.ActiveCfg = Release|Any CPU
		{E75E4802-05C2-4814-8825-ADC55155FDDD}.AppStore|x86.Build.0 = Release|Any CPU
		{E75E4802-05C2-4814-8825-ADC55155FDDD}.Debug|Any CPU.ActiveCfg = Debug|Any CPU
		{E75E4802-05C2-4814-8825-ADC55155FDDD}.Debug|Any CPU.Build.0 = Debug|Any CPU
		{E75E4802-05C2-4814-8825-ADC55155FDDD}.Debug|ARM.ActiveCfg = Debug|Any CPU
		{E75E4802-05C2-4814-8825-ADC55155FDDD}.Debug|ARM.Build.0 = Debug|Any CPU
		{E75E4802-05C2-4814-8825-ADC55155FDDD}.Debug|iPhone.ActiveCfg = Debug|Any CPU
		{E75E4802-05C2-4814-8825-ADC55155FDDD}.Debug|iPhone.Build.0 = Debug|Any CPU
		{E75E4802-05C2-4814-8825-ADC55155FDDD}.Debug|iPhoneSimulator.ActiveCfg = Debug|Any CPU
		{E75E4802-05C2-4814-8825-ADC55155FDDD}.Debug|iPhoneSimulator.Build.0 = Debug|Any CPU
		{E75E4802-05C2-4814-8825-ADC55155FDDD}.Debug|x64.ActiveCfg = Debug|Any CPU
		{E75E4802-05C2-4814-8825-ADC55155FDDD}.Debug|x64.Build.0 = Debug|Any CPU
		{E75E4802-05C2-4814-8825-ADC55155FDDD}.Debug|x86.ActiveCfg = Debug|Any CPU
		{E75E4802-05C2-4814-8825-ADC55155FDDD}.Debug|x86.Build.0 = Debug|Any CPU
		{E75E4802-05C2-4814-8825-ADC55155FDDD}.Release|Any CPU.ActiveCfg = Release|Any CPU
		{E75E4802-05C2-4814-8825-ADC55155FDDD}.Release|Any CPU.Build.0 = Release|Any CPU
		{E75E4802-05C2-4814-8825-ADC55155FDDD}.Release|ARM.ActiveCfg = Release|Any CPU
		{E75E4802-05C2-4814-8825-ADC55155FDDD}.Release|ARM.Build.0 = Release|Any CPU
		{E75E4802-05C2-4814-8825-ADC55155FDDD}.Release|iPhone.ActiveCfg = Release|Any CPU
		{E75E4802-05C2-4814-8825-ADC55155FDDD}.Release|iPhone.Build.0 = Release|Any CPU
		{E75E4802-05C2-4814-8825-ADC55155FDDD}.Release|iPhoneSimulator.ActiveCfg = Release|Any CPU
		{E75E4802-05C2-4814-8825-ADC55155FDDD}.Release|iPhoneSimulator.Build.0 = Release|Any CPU
		{E75E4802-05C2-4814-8825-ADC55155FDDD}.Release|x64.ActiveCfg = Release|Any CPU
		{E75E4802-05C2-4814-8825-ADC55155FDDD}.Release|x64.Build.0 = Release|Any CPU
		{E75E4802-05C2-4814-8825-ADC55155FDDD}.Release|x86.ActiveCfg = Release|Any CPU
		{E75E4802-05C2-4814-8825-ADC55155FDDD}.Release|x86.Build.0 = Release|Any CPU
		{EA40911F-0D38-4F54-85EB-A5CC628BF8B6}.Ad-Hoc|Any CPU.ActiveCfg = Release|Any CPU
		{EA40911F-0D38-4F54-85EB-A5CC628BF8B6}.Ad-Hoc|Any CPU.Build.0 = Release|Any CPU
		{EA40911F-0D38-4F54-85EB-A5CC628BF8B6}.Ad-Hoc|ARM.ActiveCfg = Release|Any CPU
		{EA40911F-0D38-4F54-85EB-A5CC628BF8B6}.Ad-Hoc|ARM.Build.0 = Release|Any CPU
		{EA40911F-0D38-4F54-85EB-A5CC628BF8B6}.Ad-Hoc|iPhone.ActiveCfg = Release|Any CPU
		{EA40911F-0D38-4F54-85EB-A5CC628BF8B6}.Ad-Hoc|iPhone.Build.0 = Release|Any CPU
		{EA40911F-0D38-4F54-85EB-A5CC628BF8B6}.Ad-Hoc|iPhoneSimulator.ActiveCfg = Release|Any CPU
		{EA40911F-0D38-4F54-85EB-A5CC628BF8B6}.Ad-Hoc|iPhoneSimulator.Build.0 = Release|Any CPU
		{EA40911F-0D38-4F54-85EB-A5CC628BF8B6}.Ad-Hoc|x64.ActiveCfg = Release|Any CPU
		{EA40911F-0D38-4F54-85EB-A5CC628BF8B6}.Ad-Hoc|x64.Build.0 = Release|Any CPU
		{EA40911F-0D38-4F54-85EB-A5CC628BF8B6}.Ad-Hoc|x86.ActiveCfg = Release|Any CPU
		{EA40911F-0D38-4F54-85EB-A5CC628BF8B6}.Ad-Hoc|x86.Build.0 = Release|Any CPU
		{EA40911F-0D38-4F54-85EB-A5CC628BF8B6}.AppStore|Any CPU.ActiveCfg = Release|Any CPU
		{EA40911F-0D38-4F54-85EB-A5CC628BF8B6}.AppStore|Any CPU.Build.0 = Release|Any CPU
		{EA40911F-0D38-4F54-85EB-A5CC628BF8B6}.AppStore|ARM.ActiveCfg = Release|Any CPU
		{EA40911F-0D38-4F54-85EB-A5CC628BF8B6}.AppStore|ARM.Build.0 = Release|Any CPU
		{EA40911F-0D38-4F54-85EB-A5CC628BF8B6}.AppStore|iPhone.ActiveCfg = Release|Any CPU
		{EA40911F-0D38-4F54-85EB-A5CC628BF8B6}.AppStore|iPhone.Build.0 = Release|Any CPU
		{EA40911F-0D38-4F54-85EB-A5CC628BF8B6}.AppStore|iPhoneSimulator.ActiveCfg = Release|Any CPU
		{EA40911F-0D38-4F54-85EB-A5CC628BF8B6}.AppStore|iPhoneSimulator.Build.0 = Release|Any CPU
		{EA40911F-0D38-4F54-85EB-A5CC628BF8B6}.AppStore|x64.ActiveCfg = Release|Any CPU
		{EA40911F-0D38-4F54-85EB-A5CC628BF8B6}.AppStore|x64.Build.0 = Release|Any CPU
		{EA40911F-0D38-4F54-85EB-A5CC628BF8B6}.AppStore|x86.ActiveCfg = Release|Any CPU
		{EA40911F-0D38-4F54-85EB-A5CC628BF8B6}.AppStore|x86.Build.0 = Release|Any CPU
		{EA40911F-0D38-4F54-85EB-A5CC628BF8B6}.Debug|Any CPU.ActiveCfg = Debug|Any CPU
		{EA40911F-0D38-4F54-85EB-A5CC628BF8B6}.Debug|Any CPU.Build.0 = Debug|Any CPU
		{EA40911F-0D38-4F54-85EB-A5CC628BF8B6}.Debug|ARM.ActiveCfg = Debug|Any CPU
		{EA40911F-0D38-4F54-85EB-A5CC628BF8B6}.Debug|ARM.Build.0 = Debug|Any CPU
		{EA40911F-0D38-4F54-85EB-A5CC628BF8B6}.Debug|iPhone.ActiveCfg = Debug|Any CPU
		{EA40911F-0D38-4F54-85EB-A5CC628BF8B6}.Debug|iPhone.Build.0 = Debug|Any CPU
		{EA40911F-0D38-4F54-85EB-A5CC628BF8B6}.Debug|iPhoneSimulator.ActiveCfg = Debug|Any CPU
		{EA40911F-0D38-4F54-85EB-A5CC628BF8B6}.Debug|iPhoneSimulator.Build.0 = Debug|Any CPU
		{EA40911F-0D38-4F54-85EB-A5CC628BF8B6}.Debug|x64.ActiveCfg = Debug|Any CPU
		{EA40911F-0D38-4F54-85EB-A5CC628BF8B6}.Debug|x64.Build.0 = Debug|Any CPU
		{EA40911F-0D38-4F54-85EB-A5CC628BF8B6}.Debug|x86.ActiveCfg = Debug|Any CPU
		{EA40911F-0D38-4F54-85EB-A5CC628BF8B6}.Debug|x86.Build.0 = Debug|Any CPU
		{EA40911F-0D38-4F54-85EB-A5CC628BF8B6}.Release|Any CPU.ActiveCfg = Release|Any CPU
		{EA40911F-0D38-4F54-85EB-A5CC628BF8B6}.Release|Any CPU.Build.0 = Release|Any CPU
		{EA40911F-0D38-4F54-85EB-A5CC628BF8B6}.Release|ARM.ActiveCfg = Release|Any CPU
		{EA40911F-0D38-4F54-85EB-A5CC628BF8B6}.Release|ARM.Build.0 = Release|Any CPU
		{EA40911F-0D38-4F54-85EB-A5CC628BF8B6}.Release|iPhone.ActiveCfg = Release|Any CPU
		{EA40911F-0D38-4F54-85EB-A5CC628BF8B6}.Release|iPhone.Build.0 = Release|Any CPU
		{EA40911F-0D38-4F54-85EB-A5CC628BF8B6}.Release|iPhoneSimulator.ActiveCfg = Release|Any CPU
		{EA40911F-0D38-4F54-85EB-A5CC628BF8B6}.Release|iPhoneSimulator.Build.0 = Release|Any CPU
		{EA40911F-0D38-4F54-85EB-A5CC628BF8B6}.Release|x64.ActiveCfg = Release|Any CPU
		{EA40911F-0D38-4F54-85EB-A5CC628BF8B6}.Release|x64.Build.0 = Release|Any CPU
		{EA40911F-0D38-4F54-85EB-A5CC628BF8B6}.Release|x86.ActiveCfg = Release|Any CPU
		{EA40911F-0D38-4F54-85EB-A5CC628BF8B6}.Release|x86.Build.0 = Release|Any CPU
		{D22DFB49-7CA1-4BF2-919F-BBF311F5A2D9}.Ad-Hoc|Any CPU.ActiveCfg = Release|Any CPU
		{D22DFB49-7CA1-4BF2-919F-BBF311F5A2D9}.Ad-Hoc|Any CPU.Build.0 = Release|Any CPU
		{D22DFB49-7CA1-4BF2-919F-BBF311F5A2D9}.Ad-Hoc|ARM.ActiveCfg = Release|Any CPU
		{D22DFB49-7CA1-4BF2-919F-BBF311F5A2D9}.Ad-Hoc|ARM.Build.0 = Release|Any CPU
		{D22DFB49-7CA1-4BF2-919F-BBF311F5A2D9}.Ad-Hoc|iPhone.ActiveCfg = Release|Any CPU
		{D22DFB49-7CA1-4BF2-919F-BBF311F5A2D9}.Ad-Hoc|iPhone.Build.0 = Release|Any CPU
		{D22DFB49-7CA1-4BF2-919F-BBF311F5A2D9}.Ad-Hoc|iPhoneSimulator.ActiveCfg = Release|Any CPU
		{D22DFB49-7CA1-4BF2-919F-BBF311F5A2D9}.Ad-Hoc|iPhoneSimulator.Build.0 = Release|Any CPU
		{D22DFB49-7CA1-4BF2-919F-BBF311F5A2D9}.Ad-Hoc|x64.ActiveCfg = Release|Any CPU
		{D22DFB49-7CA1-4BF2-919F-BBF311F5A2D9}.Ad-Hoc|x64.Build.0 = Release|Any CPU
		{D22DFB49-7CA1-4BF2-919F-BBF311F5A2D9}.Ad-Hoc|x86.ActiveCfg = Release|Any CPU
		{D22DFB49-7CA1-4BF2-919F-BBF311F5A2D9}.Ad-Hoc|x86.Build.0 = Release|Any CPU
		{D22DFB49-7CA1-4BF2-919F-BBF311F5A2D9}.AppStore|Any CPU.ActiveCfg = Release|Any CPU
		{D22DFB49-7CA1-4BF2-919F-BBF311F5A2D9}.AppStore|Any CPU.Build.0 = Release|Any CPU
		{D22DFB49-7CA1-4BF2-919F-BBF311F5A2D9}.AppStore|ARM.ActiveCfg = Release|Any CPU
		{D22DFB49-7CA1-4BF2-919F-BBF311F5A2D9}.AppStore|ARM.Build.0 = Release|Any CPU
		{D22DFB49-7CA1-4BF2-919F-BBF311F5A2D9}.AppStore|iPhone.ActiveCfg = Release|Any CPU
		{D22DFB49-7CA1-4BF2-919F-BBF311F5A2D9}.AppStore|iPhone.Build.0 = Release|Any CPU
		{D22DFB49-7CA1-4BF2-919F-BBF311F5A2D9}.AppStore|iPhoneSimulator.ActiveCfg = Release|Any CPU
		{D22DFB49-7CA1-4BF2-919F-BBF311F5A2D9}.AppStore|iPhoneSimulator.Build.0 = Release|Any CPU
		{D22DFB49-7CA1-4BF2-919F-BBF311F5A2D9}.AppStore|x64.ActiveCfg = Release|Any CPU
		{D22DFB49-7CA1-4BF2-919F-BBF311F5A2D9}.AppStore|x64.Build.0 = Release|Any CPU
		{D22DFB49-7CA1-4BF2-919F-BBF311F5A2D9}.AppStore|x86.ActiveCfg = Release|Any CPU
		{D22DFB49-7CA1-4BF2-919F-BBF311F5A2D9}.AppStore|x86.Build.0 = Release|Any CPU
		{D22DFB49-7CA1-4BF2-919F-BBF311F5A2D9}.Debug|Any CPU.ActiveCfg = Debug|Any CPU
		{D22DFB49-7CA1-4BF2-919F-BBF311F5A2D9}.Debug|Any CPU.Build.0 = Debug|Any CPU
		{D22DFB49-7CA1-4BF2-919F-BBF311F5A2D9}.Debug|ARM.ActiveCfg = Debug|Any CPU
		{D22DFB49-7CA1-4BF2-919F-BBF311F5A2D9}.Debug|ARM.Build.0 = Debug|Any CPU
		{D22DFB49-7CA1-4BF2-919F-BBF311F5A2D9}.Debug|iPhone.ActiveCfg = Debug|Any CPU
		{D22DFB49-7CA1-4BF2-919F-BBF311F5A2D9}.Debug|iPhone.Build.0 = Debug|Any CPU
		{D22DFB49-7CA1-4BF2-919F-BBF311F5A2D9}.Debug|iPhoneSimulator.ActiveCfg = Debug|Any CPU
		{D22DFB49-7CA1-4BF2-919F-BBF311F5A2D9}.Debug|iPhoneSimulator.Build.0 = Debug|Any CPU
		{D22DFB49-7CA1-4BF2-919F-BBF311F5A2D9}.Debug|x64.ActiveCfg = Debug|Any CPU
		{D22DFB49-7CA1-4BF2-919F-BBF311F5A2D9}.Debug|x64.Build.0 = Debug|Any CPU
		{D22DFB49-7CA1-4BF2-919F-BBF311F5A2D9}.Debug|x86.ActiveCfg = Debug|Any CPU
		{D22DFB49-7CA1-4BF2-919F-BBF311F5A2D9}.Debug|x86.Build.0 = Debug|Any CPU
		{D22DFB49-7CA1-4BF2-919F-BBF311F5A2D9}.Release|Any CPU.ActiveCfg = Release|Any CPU
		{D22DFB49-7CA1-4BF2-919F-BBF311F5A2D9}.Release|Any CPU.Build.0 = Release|Any CPU
		{D22DFB49-7CA1-4BF2-919F-BBF311F5A2D9}.Release|ARM.ActiveCfg = Release|Any CPU
		{D22DFB49-7CA1-4BF2-919F-BBF311F5A2D9}.Release|ARM.Build.0 = Release|Any CPU
		{D22DFB49-7CA1-4BF2-919F-BBF311F5A2D9}.Release|iPhone.ActiveCfg = Release|Any CPU
		{D22DFB49-7CA1-4BF2-919F-BBF311F5A2D9}.Release|iPhone.Build.0 = Release|Any CPU
		{D22DFB49-7CA1-4BF2-919F-BBF311F5A2D9}.Release|iPhoneSimulator.ActiveCfg = Release|Any CPU
		{D22DFB49-7CA1-4BF2-919F-BBF311F5A2D9}.Release|iPhoneSimulator.Build.0 = Release|Any CPU
		{D22DFB49-7CA1-4BF2-919F-BBF311F5A2D9}.Release|x64.ActiveCfg = Release|Any CPU
		{D22DFB49-7CA1-4BF2-919F-BBF311F5A2D9}.Release|x64.Build.0 = Release|Any CPU
		{D22DFB49-7CA1-4BF2-919F-BBF311F5A2D9}.Release|x86.ActiveCfg = Release|Any CPU
		{D22DFB49-7CA1-4BF2-919F-BBF311F5A2D9}.Release|x86.Build.0 = Release|Any CPU
		{7B1DAF11-0D7D-4B23-A48B-F03D4551C647}.Ad-Hoc|Any CPU.ActiveCfg = Debug|Any CPU
		{7B1DAF11-0D7D-4B23-A48B-F03D4551C647}.Ad-Hoc|Any CPU.Build.0 = Debug|Any CPU
		{7B1DAF11-0D7D-4B23-A48B-F03D4551C647}.Ad-Hoc|ARM.ActiveCfg = Debug|Any CPU
		{7B1DAF11-0D7D-4B23-A48B-F03D4551C647}.Ad-Hoc|ARM.Build.0 = Debug|Any CPU
		{7B1DAF11-0D7D-4B23-A48B-F03D4551C647}.Ad-Hoc|iPhone.ActiveCfg = Debug|Any CPU
		{7B1DAF11-0D7D-4B23-A48B-F03D4551C647}.Ad-Hoc|iPhone.Build.0 = Debug|Any CPU
		{7B1DAF11-0D7D-4B23-A48B-F03D4551C647}.Ad-Hoc|iPhoneSimulator.ActiveCfg = Debug|Any CPU
		{7B1DAF11-0D7D-4B23-A48B-F03D4551C647}.Ad-Hoc|iPhoneSimulator.Build.0 = Debug|Any CPU
		{7B1DAF11-0D7D-4B23-A48B-F03D4551C647}.Ad-Hoc|x64.ActiveCfg = Debug|Any CPU
		{7B1DAF11-0D7D-4B23-A48B-F03D4551C647}.Ad-Hoc|x64.Build.0 = Debug|Any CPU
		{7B1DAF11-0D7D-4B23-A48B-F03D4551C647}.Ad-Hoc|x86.ActiveCfg = Debug|Any CPU
		{7B1DAF11-0D7D-4B23-A48B-F03D4551C647}.Ad-Hoc|x86.Build.0 = Debug|Any CPU
		{7B1DAF11-0D7D-4B23-A48B-F03D4551C647}.AppStore|Any CPU.ActiveCfg = Debug|Any CPU
		{7B1DAF11-0D7D-4B23-A48B-F03D4551C647}.AppStore|Any CPU.Build.0 = Debug|Any CPU
		{7B1DAF11-0D7D-4B23-A48B-F03D4551C647}.AppStore|ARM.ActiveCfg = Debug|Any CPU
		{7B1DAF11-0D7D-4B23-A48B-F03D4551C647}.AppStore|ARM.Build.0 = Debug|Any CPU
		{7B1DAF11-0D7D-4B23-A48B-F03D4551C647}.AppStore|iPhone.ActiveCfg = Debug|Any CPU
		{7B1DAF11-0D7D-4B23-A48B-F03D4551C647}.AppStore|iPhone.Build.0 = Debug|Any CPU
		{7B1DAF11-0D7D-4B23-A48B-F03D4551C647}.AppStore|iPhoneSimulator.ActiveCfg = Debug|Any CPU
		{7B1DAF11-0D7D-4B23-A48B-F03D4551C647}.AppStore|iPhoneSimulator.Build.0 = Debug|Any CPU
		{7B1DAF11-0D7D-4B23-A48B-F03D4551C647}.AppStore|x64.ActiveCfg = Debug|Any CPU
		{7B1DAF11-0D7D-4B23-A48B-F03D4551C647}.AppStore|x64.Build.0 = Debug|Any CPU
		{7B1DAF11-0D7D-4B23-A48B-F03D4551C647}.AppStore|x86.ActiveCfg = Debug|Any CPU
		{7B1DAF11-0D7D-4B23-A48B-F03D4551C647}.AppStore|x86.Build.0 = Debug|Any CPU
		{7B1DAF11-0D7D-4B23-A48B-F03D4551C647}.Debug|Any CPU.ActiveCfg = Debug|Any CPU
		{7B1DAF11-0D7D-4B23-A48B-F03D4551C647}.Debug|Any CPU.Build.0 = Debug|Any CPU
		{7B1DAF11-0D7D-4B23-A48B-F03D4551C647}.Debug|ARM.ActiveCfg = Debug|Any CPU
		{7B1DAF11-0D7D-4B23-A48B-F03D4551C647}.Debug|ARM.Build.0 = Debug|Any CPU
		{7B1DAF11-0D7D-4B23-A48B-F03D4551C647}.Debug|iPhone.ActiveCfg = Debug|Any CPU
		{7B1DAF11-0D7D-4B23-A48B-F03D4551C647}.Debug|iPhone.Build.0 = Debug|Any CPU
		{7B1DAF11-0D7D-4B23-A48B-F03D4551C647}.Debug|iPhoneSimulator.ActiveCfg = Debug|Any CPU
		{7B1DAF11-0D7D-4B23-A48B-F03D4551C647}.Debug|iPhoneSimulator.Build.0 = Debug|Any CPU
		{7B1DAF11-0D7D-4B23-A48B-F03D4551C647}.Debug|x64.ActiveCfg = Debug|Any CPU
		{7B1DAF11-0D7D-4B23-A48B-F03D4551C647}.Debug|x64.Build.0 = Debug|Any CPU
		{7B1DAF11-0D7D-4B23-A48B-F03D4551C647}.Debug|x86.ActiveCfg = Debug|Any CPU
		{7B1DAF11-0D7D-4B23-A48B-F03D4551C647}.Debug|x86.Build.0 = Debug|Any CPU
		{7B1DAF11-0D7D-4B23-A48B-F03D4551C647}.Release|Any CPU.ActiveCfg = Release|Any CPU
		{7B1DAF11-0D7D-4B23-A48B-F03D4551C647}.Release|Any CPU.Build.0 = Release|Any CPU
		{7B1DAF11-0D7D-4B23-A48B-F03D4551C647}.Release|ARM.ActiveCfg = Release|Any CPU
		{7B1DAF11-0D7D-4B23-A48B-F03D4551C647}.Release|ARM.Build.0 = Release|Any CPU
		{7B1DAF11-0D7D-4B23-A48B-F03D4551C647}.Release|iPhone.ActiveCfg = Release|Any CPU
		{7B1DAF11-0D7D-4B23-A48B-F03D4551C647}.Release|iPhone.Build.0 = Release|Any CPU
		{7B1DAF11-0D7D-4B23-A48B-F03D4551C647}.Release|iPhoneSimulator.ActiveCfg = Release|Any CPU
		{7B1DAF11-0D7D-4B23-A48B-F03D4551C647}.Release|iPhoneSimulator.Build.0 = Release|Any CPU
		{7B1DAF11-0D7D-4B23-A48B-F03D4551C647}.Release|x64.ActiveCfg = Release|Any CPU
		{7B1DAF11-0D7D-4B23-A48B-F03D4551C647}.Release|x64.Build.0 = Release|Any CPU
		{7B1DAF11-0D7D-4B23-A48B-F03D4551C647}.Release|x86.ActiveCfg = Release|Any CPU
		{7B1DAF11-0D7D-4B23-A48B-F03D4551C647}.Release|x86.Build.0 = Release|Any CPU
		{2EFEF3F6-CAAF-49A3-9AAA-FB7C5B8AFADF}.Ad-Hoc|Any CPU.ActiveCfg = Release|Any CPU
		{2EFEF3F6-CAAF-49A3-9AAA-FB7C5B8AFADF}.Ad-Hoc|Any CPU.Build.0 = Release|Any CPU
		{2EFEF3F6-CAAF-49A3-9AAA-FB7C5B8AFADF}.Ad-Hoc|ARM.ActiveCfg = Release|Any CPU
		{2EFEF3F6-CAAF-49A3-9AAA-FB7C5B8AFADF}.Ad-Hoc|ARM.Build.0 = Release|Any CPU
		{2EFEF3F6-CAAF-49A3-9AAA-FB7C5B8AFADF}.Ad-Hoc|iPhone.ActiveCfg = Release|Any CPU
		{2EFEF3F6-CAAF-49A3-9AAA-FB7C5B8AFADF}.Ad-Hoc|iPhone.Build.0 = Release|Any CPU
		{2EFEF3F6-CAAF-49A3-9AAA-FB7C5B8AFADF}.Ad-Hoc|iPhoneSimulator.ActiveCfg = Release|Any CPU
		{2EFEF3F6-CAAF-49A3-9AAA-FB7C5B8AFADF}.Ad-Hoc|iPhoneSimulator.Build.0 = Release|Any CPU
		{2EFEF3F6-CAAF-49A3-9AAA-FB7C5B8AFADF}.Ad-Hoc|x64.ActiveCfg = Release|Any CPU
		{2EFEF3F6-CAAF-49A3-9AAA-FB7C5B8AFADF}.Ad-Hoc|x64.Build.0 = Release|Any CPU
		{2EFEF3F6-CAAF-49A3-9AAA-FB7C5B8AFADF}.Ad-Hoc|x86.ActiveCfg = Release|Any CPU
		{2EFEF3F6-CAAF-49A3-9AAA-FB7C5B8AFADF}.Ad-Hoc|x86.Build.0 = Release|Any CPU
		{2EFEF3F6-CAAF-49A3-9AAA-FB7C5B8AFADF}.AppStore|Any CPU.ActiveCfg = Release|Any CPU
		{2EFEF3F6-CAAF-49A3-9AAA-FB7C5B8AFADF}.AppStore|Any CPU.Build.0 = Release|Any CPU
		{2EFEF3F6-CAAF-49A3-9AAA-FB7C5B8AFADF}.AppStore|ARM.ActiveCfg = Release|Any CPU
		{2EFEF3F6-CAAF-49A3-9AAA-FB7C5B8AFADF}.AppStore|ARM.Build.0 = Release|Any CPU
		{2EFEF3F6-CAAF-49A3-9AAA-FB7C5B8AFADF}.AppStore|iPhone.ActiveCfg = Release|Any CPU
		{2EFEF3F6-CAAF-49A3-9AAA-FB7C5B8AFADF}.AppStore|iPhone.Build.0 = Release|Any CPU
		{2EFEF3F6-CAAF-49A3-9AAA-FB7C5B8AFADF}.AppStore|iPhoneSimulator.ActiveCfg = Release|Any CPU
		{2EFEF3F6-CAAF-49A3-9AAA-FB7C5B8AFADF}.AppStore|iPhoneSimulator.Build.0 = Release|Any CPU
		{2EFEF3F6-CAAF-49A3-9AAA-FB7C5B8AFADF}.AppStore|x64.ActiveCfg = Release|Any CPU
		{2EFEF3F6-CAAF-49A3-9AAA-FB7C5B8AFADF}.AppStore|x64.Build.0 = Release|Any CPU
		{2EFEF3F6-CAAF-49A3-9AAA-FB7C5B8AFADF}.AppStore|x86.ActiveCfg = Release|Any CPU
		{2EFEF3F6-CAAF-49A3-9AAA-FB7C5B8AFADF}.AppStore|x86.Build.0 = Release|Any CPU
		{2EFEF3F6-CAAF-49A3-9AAA-FB7C5B8AFADF}.Debug|Any CPU.ActiveCfg = Debug|Any CPU
		{2EFEF3F6-CAAF-49A3-9AAA-FB7C5B8AFADF}.Debug|Any CPU.Build.0 = Debug|Any CPU
		{2EFEF3F6-CAAF-49A3-9AAA-FB7C5B8AFADF}.Debug|ARM.ActiveCfg = Debug|Any CPU
		{2EFEF3F6-CAAF-49A3-9AAA-FB7C5B8AFADF}.Debug|ARM.Build.0 = Debug|Any CPU
		{2EFEF3F6-CAAF-49A3-9AAA-FB7C5B8AFADF}.Debug|iPhone.ActiveCfg = Debug|Any CPU
		{2EFEF3F6-CAAF-49A3-9AAA-FB7C5B8AFADF}.Debug|iPhone.Build.0 = Debug|Any CPU
		{2EFEF3F6-CAAF-49A3-9AAA-FB7C5B8AFADF}.Debug|iPhoneSimulator.ActiveCfg = Debug|Any CPU
		{2EFEF3F6-CAAF-49A3-9AAA-FB7C5B8AFADF}.Debug|iPhoneSimulator.Build.0 = Debug|Any CPU
		{2EFEF3F6-CAAF-49A3-9AAA-FB7C5B8AFADF}.Debug|x64.ActiveCfg = Debug|Any CPU
		{2EFEF3F6-CAAF-49A3-9AAA-FB7C5B8AFADF}.Debug|x64.Build.0 = Debug|Any CPU
		{2EFEF3F6-CAAF-49A3-9AAA-FB7C5B8AFADF}.Debug|x86.ActiveCfg = Debug|Any CPU
		{2EFEF3F6-CAAF-49A3-9AAA-FB7C5B8AFADF}.Debug|x86.Build.0 = Debug|Any CPU
		{2EFEF3F6-CAAF-49A3-9AAA-FB7C5B8AFADF}.Release|Any CPU.ActiveCfg = Release|Any CPU
		{2EFEF3F6-CAAF-49A3-9AAA-FB7C5B8AFADF}.Release|Any CPU.Build.0 = Release|Any CPU
		{2EFEF3F6-CAAF-49A3-9AAA-FB7C5B8AFADF}.Release|ARM.ActiveCfg = Release|Any CPU
		{2EFEF3F6-CAAF-49A3-9AAA-FB7C5B8AFADF}.Release|ARM.Build.0 = Release|Any CPU
		{2EFEF3F6-CAAF-49A3-9AAA-FB7C5B8AFADF}.Release|iPhone.ActiveCfg = Release|Any CPU
		{2EFEF3F6-CAAF-49A3-9AAA-FB7C5B8AFADF}.Release|iPhone.Build.0 = Release|Any CPU
		{2EFEF3F6-CAAF-49A3-9AAA-FB7C5B8AFADF}.Release|iPhoneSimulator.ActiveCfg = Release|Any CPU
		{2EFEF3F6-CAAF-49A3-9AAA-FB7C5B8AFADF}.Release|iPhoneSimulator.Build.0 = Release|Any CPU
		{2EFEF3F6-CAAF-49A3-9AAA-FB7C5B8AFADF}.Release|x64.ActiveCfg = Release|Any CPU
		{2EFEF3F6-CAAF-49A3-9AAA-FB7C5B8AFADF}.Release|x64.Build.0 = Release|Any CPU
		{2EFEF3F6-CAAF-49A3-9AAA-FB7C5B8AFADF}.Release|x86.ActiveCfg = Release|Any CPU
		{2EFEF3F6-CAAF-49A3-9AAA-FB7C5B8AFADF}.Release|x86.Build.0 = Release|Any CPU
		{CFF35BC2-4CE6-4A2A-80A3-6DBFA0A13763}.Ad-Hoc|Any CPU.ActiveCfg = Debug|Any CPU
		{CFF35BC2-4CE6-4A2A-80A3-6DBFA0A13763}.Ad-Hoc|Any CPU.Build.0 = Debug|Any CPU
		{CFF35BC2-4CE6-4A2A-80A3-6DBFA0A13763}.Ad-Hoc|ARM.ActiveCfg = Debug|Any CPU
		{CFF35BC2-4CE6-4A2A-80A3-6DBFA0A13763}.Ad-Hoc|ARM.Build.0 = Debug|Any CPU
		{CFF35BC2-4CE6-4A2A-80A3-6DBFA0A13763}.Ad-Hoc|iPhone.ActiveCfg = Debug|Any CPU
		{CFF35BC2-4CE6-4A2A-80A3-6DBFA0A13763}.Ad-Hoc|iPhone.Build.0 = Debug|Any CPU
		{CFF35BC2-4CE6-4A2A-80A3-6DBFA0A13763}.Ad-Hoc|iPhoneSimulator.ActiveCfg = Debug|Any CPU
		{CFF35BC2-4CE6-4A2A-80A3-6DBFA0A13763}.Ad-Hoc|iPhoneSimulator.Build.0 = Debug|Any CPU
		{CFF35BC2-4CE6-4A2A-80A3-6DBFA0A13763}.Ad-Hoc|x64.ActiveCfg = Debug|Any CPU
		{CFF35BC2-4CE6-4A2A-80A3-6DBFA0A13763}.Ad-Hoc|x64.Build.0 = Debug|Any CPU
		{CFF35BC2-4CE6-4A2A-80A3-6DBFA0A13763}.Ad-Hoc|x86.ActiveCfg = Debug|Any CPU
		{CFF35BC2-4CE6-4A2A-80A3-6DBFA0A13763}.Ad-Hoc|x86.Build.0 = Debug|Any CPU
		{CFF35BC2-4CE6-4A2A-80A3-6DBFA0A13763}.AppStore|Any CPU.ActiveCfg = Debug|Any CPU
		{CFF35BC2-4CE6-4A2A-80A3-6DBFA0A13763}.AppStore|Any CPU.Build.0 = Debug|Any CPU
		{CFF35BC2-4CE6-4A2A-80A3-6DBFA0A13763}.AppStore|ARM.ActiveCfg = Debug|Any CPU
		{CFF35BC2-4CE6-4A2A-80A3-6DBFA0A13763}.AppStore|ARM.Build.0 = Debug|Any CPU
		{CFF35BC2-4CE6-4A2A-80A3-6DBFA0A13763}.AppStore|iPhone.ActiveCfg = Debug|Any CPU
		{CFF35BC2-4CE6-4A2A-80A3-6DBFA0A13763}.AppStore|iPhone.Build.0 = Debug|Any CPU
		{CFF35BC2-4CE6-4A2A-80A3-6DBFA0A13763}.AppStore|iPhoneSimulator.ActiveCfg = Debug|Any CPU
		{CFF35BC2-4CE6-4A2A-80A3-6DBFA0A13763}.AppStore|iPhoneSimulator.Build.0 = Debug|Any CPU
		{CFF35BC2-4CE6-4A2A-80A3-6DBFA0A13763}.AppStore|x64.ActiveCfg = Debug|Any CPU
		{CFF35BC2-4CE6-4A2A-80A3-6DBFA0A13763}.AppStore|x64.Build.0 = Debug|Any CPU
		{CFF35BC2-4CE6-4A2A-80A3-6DBFA0A13763}.AppStore|x86.ActiveCfg = Debug|Any CPU
		{CFF35BC2-4CE6-4A2A-80A3-6DBFA0A13763}.AppStore|x86.Build.0 = Debug|Any CPU
		{CFF35BC2-4CE6-4A2A-80A3-6DBFA0A13763}.Debug|Any CPU.ActiveCfg = Debug|Any CPU
		{CFF35BC2-4CE6-4A2A-80A3-6DBFA0A13763}.Debug|Any CPU.Build.0 = Debug|Any CPU
		{CFF35BC2-4CE6-4A2A-80A3-6DBFA0A13763}.Debug|ARM.ActiveCfg = Debug|Any CPU
		{CFF35BC2-4CE6-4A2A-80A3-6DBFA0A13763}.Debug|ARM.Build.0 = Debug|Any CPU
		{CFF35BC2-4CE6-4A2A-80A3-6DBFA0A13763}.Debug|iPhone.ActiveCfg = Debug|Any CPU
		{CFF35BC2-4CE6-4A2A-80A3-6DBFA0A13763}.Debug|iPhone.Build.0 = Debug|Any CPU
		{CFF35BC2-4CE6-4A2A-80A3-6DBFA0A13763}.Debug|iPhoneSimulator.ActiveCfg = Debug|Any CPU
		{CFF35BC2-4CE6-4A2A-80A3-6DBFA0A13763}.Debug|iPhoneSimulator.Build.0 = Debug|Any CPU
		{CFF35BC2-4CE6-4A2A-80A3-6DBFA0A13763}.Debug|x64.ActiveCfg = Debug|Any CPU
		{CFF35BC2-4CE6-4A2A-80A3-6DBFA0A13763}.Debug|x64.Build.0 = Debug|Any CPU
		{CFF35BC2-4CE6-4A2A-80A3-6DBFA0A13763}.Debug|x86.ActiveCfg = Debug|Any CPU
		{CFF35BC2-4CE6-4A2A-80A3-6DBFA0A13763}.Debug|x86.Build.0 = Debug|Any CPU
		{CFF35BC2-4CE6-4A2A-80A3-6DBFA0A13763}.Release|Any CPU.ActiveCfg = Release|Any CPU
		{CFF35BC2-4CE6-4A2A-80A3-6DBFA0A13763}.Release|Any CPU.Build.0 = Release|Any CPU
		{CFF35BC2-4CE6-4A2A-80A3-6DBFA0A13763}.Release|ARM.ActiveCfg = Release|Any CPU
		{CFF35BC2-4CE6-4A2A-80A3-6DBFA0A13763}.Release|ARM.Build.0 = Release|Any CPU
		{CFF35BC2-4CE6-4A2A-80A3-6DBFA0A13763}.Release|iPhone.ActiveCfg = Release|Any CPU
		{CFF35BC2-4CE6-4A2A-80A3-6DBFA0A13763}.Release|iPhone.Build.0 = Release|Any CPU
		{CFF35BC2-4CE6-4A2A-80A3-6DBFA0A13763}.Release|iPhoneSimulator.ActiveCfg = Release|Any CPU
		{CFF35BC2-4CE6-4A2A-80A3-6DBFA0A13763}.Release|iPhoneSimulator.Build.0 = Release|Any CPU
		{CFF35BC2-4CE6-4A2A-80A3-6DBFA0A13763}.Release|x64.ActiveCfg = Release|Any CPU
		{CFF35BC2-4CE6-4A2A-80A3-6DBFA0A13763}.Release|x64.Build.0 = Release|Any CPU
		{CFF35BC2-4CE6-4A2A-80A3-6DBFA0A13763}.Release|x86.ActiveCfg = Release|Any CPU
		{CFF35BC2-4CE6-4A2A-80A3-6DBFA0A13763}.Release|x86.Build.0 = Release|Any CPU
	EndGlobalSection
	GlobalSection(SolutionProperties) = preSolution
		HideSolutionNode = FALSE
	EndGlobalSection
	GlobalSection(ExtensibilityGlobals) = postSolution
		SolutionGuid = {F5C0F71D-84CA-4D8E-B61C-6A72DA474B2B}
	EndGlobalSection
EndGlobal
